
Microsoft Visual Studio Solution File, Format Version 12.00
# Visual Studio Version 17
VisualStudioVersion = 17.0.31903.59
MinimumVisualStudioVersion = 10.0.40219.1
Project("{2150E333-8FDC-42A3-9474-1A3956D46DE8}") = "src", "src", "{827E0CD3-B72D-47B6-A68D-7590B98EB39B}"
EndProject
Project("{FAE04EC0-301F-11D3-BF4B-00C04F79EFBC}") = "FocusLifePlus.Domain", "src\FocusLifePlus.Domain\FocusLifePlus.Domain.csproj", "{3E7220FA-34A8-48BD-B411-F356A2759C6A}"
EndProject
Project("{FAE04EC0-301F-11D3-BF4B-00C04F79EFBC}") = "FocusLifePlus.Application", "src\FocusLifePlus.Application\FocusLifePlus.Application.csproj", "{62BF7393-6937-4961-9D08-FA45D4371BAC}"
EndProject
Project("{FAE04EC0-301F-11D3-BF4B-00C04F79EFBC}") = "FocusLifePlus.Infrastructure", "src\FocusLifePlus.Infrastructure\FocusLifePlus.Infrastructure.csproj", "{F11F5D70-EC1A-4EE1-BE72-4EE7CE524AE9}"
EndProject
Project("{FAE04EC0-301F-11D3-BF4B-00C04F79EFBC}") = "FocusLifePlus.API", "src\FocusLifePlus.API\FocusLifePlus.API.csproj", "{4F08055F-E1FE-4076-BDA5-1AC814F345A6}"
EndProject
Project("{FAE04EC0-301F-11D3-BF4B-00C04F79EFBC}") = "FocusLifePlus.Shared", "src\FocusLifePlus.Shared\FocusLifePlus.Shared.csproj", "{8CDB7D8E-4083-47AB-9457-478B5BD0AC31}"
EndProject
Project("{2150E333-8FDC-42A3-9474-1A3956D46DE8}") = "tests", "tests", "{0AB3BF05-4346-4AA6-1389-037BE0695223}"
EndProject
Project("{FAE04EC0-301F-11D3-BF4B-00C04F79EFBC}") = "FocusLifePlus.API.Tests", "tests\FocusLifePlus.API.Tests\FocusLifePlus.API.Tests.csproj", "{CFA6AA5E-7A05-4633-864C-C59B81D077E8}"
EndProject
Project("{FAE04EC0-301F-11D3-BF4B-00C04F79EFBC}") = "FocusLifePlus.Application.Tests", "tests\FocusLifePlus.Application.Tests\FocusLifePlus.Application.Tests.csproj", "{C321D798-C74B-4303-8B31-E7261F1CB54A}"
EndProject
Project("{FAE04EC0-301F-11D3-BF4B-00C04F79EFBC}") = "FocusLifePlus.Domain.Tests", "tests\FocusLifePlus.Domain.Tests\FocusLifePlus.Domain.Tests.csproj", "{ED8C5B31-53A8-4B6F-9CC6-4400DD64BCF0}"
EndProject
Project("{FAE04EC0-301F-11D3-BF4B-00C04F79EFBC}") = "FocusLifePlus.Infrastructure.Tests", "tests\FocusLifePlus.Infrastructure.Tests\FocusLifePlus.Infrastructure.Tests.csproj", "{7D633A44-E5BC-4EB1-8488-1220C56310FC}"
EndProject
Global
	GlobalSection(SolutionConfigurationPlatforms) = preSolution
		Debug|Any CPU = Debug|Any CPU
		Debug|x64 = Debug|x64
		Debug|x86 = Debug|x86
		Release|Any CPU = Release|Any CPU
		Release|x64 = Release|x64
		Release|x86 = Release|x86
	EndGlobalSection
	GlobalSection(ProjectConfigurationPlatforms) = postSolution
		{3E7220FA-34A8-48BD-B411-F356A2759C6A}.Debug|Any CPU.ActiveCfg = Debug|Any CPU
		{3E7220FA-34A8-48BD-B411-F356A2759C6A}.Debug|Any CPU.Build.0 = Debug|Any CPU
		{3E7220FA-34A8-48BD-B411-F356A2759C6A}.Debug|x64.ActiveCfg = Debug|Any CPU
		{3E7220FA-34A8-48BD-B411-F356A2759C6A}.Debug|x64.Build.0 = Debug|Any CPU
		{3E7220FA-34A8-48BD-B411-F356A2759C6A}.Debug|x86.ActiveCfg = Debug|Any CPU
		{3E7220FA-34A8-48BD-B411-F356A2759C6A}.Debug|x86.Build.0 = Debug|Any CPU
		{3E7220FA-34A8-48BD-B411-F356A2759C6A}.Release|Any CPU.ActiveCfg = Release|Any CPU
		{3E7220FA-34A8-48BD-B411-F356A2759C6A}.Release|Any CPU.Build.0 = Release|Any CPU
		{3E7220FA-34A8-48BD-B411-F356A2759C6A}.Release|x64.ActiveCfg = Release|Any CPU
		{3E7220FA-34A8-48BD-B411-F356A2759C6A}.Release|x64.Build.0 = Release|Any CPU
		{3E7220FA-34A8-48BD-B411-F356A2759C6A}.Release|x86.ActiveCfg = Release|Any CPU
		{3E7220FA-34A8-48BD-B411-F356A2759C6A}.Release|x86.Build.0 = Release|Any CPU
		{62BF7393-6937-4961-9D08-FA45D4371BAC}.Debug|Any CPU.ActiveCfg = Debug|Any CPU
		{62BF7393-6937-4961-9D08-FA45D4371BAC}.Debug|Any CPU.Build.0 = Debug|Any CPU
		{62BF7393-6937-4961-9D08-FA45D4371BAC}.Debug|x64.ActiveCfg = Debug|Any CPU
		{62BF7393-6937-4961-9D08-FA45D4371BAC}.Debug|x64.Build.0 = Debug|Any CPU
		{62BF7393-6937-4961-9D08-FA45D4371BAC}.Debug|x86.ActiveCfg = Debug|Any CPU
		{62BF7393-6937-4961-9D08-FA45D4371BAC}.Debug|x86.Build.0 = Debug|Any CPU
		{62BF7393-6937-4961-9D08-FA45D4371BAC}.Release|Any CPU.ActiveCfg = Release|Any CPU
		{62BF7393-6937-4961-9D08-FA45D4371BAC}.Release|Any CPU.Build.0 = Release|Any CPU
		{62BF7393-6937-4961-9D08-FA45D4371BAC}.Release|x64.ActiveCfg = Release|Any CPU
		{62BF7393-6937-4961-9D08-FA45D4371BAC}.Release|x64.Build.0 = Release|Any CPU
		{62BF7393-6937-4961-9D08-FA45D4371BAC}.Release|x86.ActiveCfg = Release|Any CPU
		{62BF7393-6937-4961-9D08-FA45D4371BAC}.Release|x86.Build.0 = Release|Any CPU
		{F11F5D70-EC1A-4EE1-BE72-4EE7CE524AE9}.Debug|Any CPU.ActiveCfg = Debug|Any CPU
		{F11F5D70-EC1A-4EE1-BE72-4EE7CE524AE9}.Debug|Any CPU.Build.0 = Debug|Any CPU
		{F11F5D70-EC1A-4EE1-BE72-4EE7CE524AE9}.Debug|x64.ActiveCfg = Debug|Any CPU
		{F11F5D70-EC1A-4EE1-BE72-4EE7CE524AE9}.Debug|x64.Build.0 = Debug|Any CPU
		{F11F5D70-EC1A-4EE1-BE72-4EE7CE524AE9}.Debug|x86.ActiveCfg = Debug|Any CPU
		{F11F5D70-EC1A-4EE1-BE72-4EE7CE524AE9}.Debug|x86.Build.0 = Debug|Any CPU
		{F11F5D70-EC1A-4EE1-BE72-4EE7CE524AE9}.Release|Any CPU.ActiveCfg = Release|Any CPU
		{F11F5D70-EC1A-4EE1-BE72-4EE7CE524AE9}.Release|Any CPU.Build.0 = Release|Any CPU
		{F11F5D70-EC1A-4EE1-BE72-4EE7CE524AE9}.Release|x64.ActiveCfg = Release|Any CPU
		{F11F5D70-EC1A-4EE1-BE72-4EE7CE524AE9}.Release|x64.Build.0 = Release|Any CPU
		{F11F5D70-EC1A-4EE1-BE72-4EE7CE524AE9}.Release|x86.ActiveCfg = Release|Any CPU
		{F11F5D70-EC1A-4EE1-BE72-4EE7CE524AE9}.Release|x86.Build.0 = Release|Any CPU
		{4F08055F-E1FE-4076-BDA5-1AC814F345A6}.Debug|Any CPU.ActiveCfg = Debug|Any CPU
		{4F08055F-E1FE-4076-BDA5-1AC814F345A6}.Debug|Any CPU.Build.0 = Debug|Any CPU
		{4F08055F-E1FE-4076-BDA5-1AC814F345A6}.Debug|x64.ActiveCfg = Debug|Any CPU
		{4F08055F-E1FE-4076-BDA5-1AC814F345A6}.Debug|x64.Build.0 = Debug|Any CPU
		{4F08055F-E1FE-4076-BDA5-1AC814F345A6}.Debug|x86.ActiveCfg = Debug|Any CPU
		{4F08055F-E1FE-4076-BDA5-1AC814F345A6}.Debug|x86.Build.0 = Debug|Any CPU
		{4F08055F-E1FE-4076-BDA5-1AC814F345A6}.Release|Any CPU.ActiveCfg = Release|Any CPU
		{4F08055F-E1FE-4076-BDA5-1AC814F345A6}.Release|Any CPU.Build.0 = Release|Any CPU
		{4F08055F-E1FE-4076-BDA5-1AC814F345A6}.Release|x64.ActiveCfg = Release|Any CPU
		{4F08055F-E1FE-4076-BDA5-1AC814F345A6}.Release|x64.Build.0 = Release|Any CPU
		{4F08055F-E1FE-4076-BDA5-1AC814F345A6}.Release|x86.ActiveCfg = Release|Any CPU
		{4F08055F-E1FE-4076-BDA5-1AC814F345A6}.Release|x86.Build.0 = Release|Any CPU
		{8CDB7D8E-4083-47AB-9457-478B5BD0AC31}.Debug|Any CPU.ActiveCfg = Debug|Any CPU
		{8CDB7D8E-4083-47AB-9457-478B5BD0AC31}.Debug|Any CPU.Build.0 = Debug|Any CPU
		{8CDB7D8E-4083-47AB-9457-478B5BD0AC31}.Debug|x64.ActiveCfg = Debug|Any CPU
		{8CDB7D8E-4083-47AB-9457-478B5BD0AC31}.Debug|x64.Build.0 = Debug|Any CPU
		{8CDB7D8E-4083-47AB-9457-478B5BD0AC31}.Debug|x86.ActiveCfg = Debug|Any CPU
		{8CDB7D8E-4083-47AB-9457-478B5BD0AC31}.Debug|x86.Build.0 = Debug|Any CPU
		{8CDB7D8E-4083-47AB-9457-478B5BD0AC31}.Release|Any CPU.ActiveCfg = Release|Any CPU
		{8CDB7D8E-4083-47AB-9457-478B5BD0AC31}.Release|Any CPU.Build.0 = Release|Any CPU
		{8CDB7D8E-4083-47AB-9457-478B5BD0AC31}.Release|x64.ActiveCfg = Release|Any CPU
		{8CDB7D8E-4083-47AB-9457-478B5BD0AC31}.Release|x64.Build.0 = Release|Any CPU
		{8CDB7D8E-4083-47AB-9457-478B5BD0AC31}.Release|x86.ActiveCfg = Release|Any CPU
		{8CDB7D8E-4083-47AB-9457-478B5BD0AC31}.Release|x86.Build.0 = Release|Any CPU
		{CFA6AA5E-7A05-4633-864C-C59B81D077E8}.Debug|Any CPU.ActiveCfg = Debug|Any CPU
		{CFA6AA5E-7A05-4633-864C-C59B81D077E8}.Debug|Any CPU.Build.0 = Debug|Any CPU
		{CFA6AA5E-7A05-4633-864C-C59B81D077E8}.Debug|x64.ActiveCfg = Debug|Any CPU
		{CFA6AA5E-7A05-4633-864C-C59B81D077E8}.Debug|x64.Build.0 = Debug|Any CPU
		{CFA6AA5E-7A05-4633-864C-C59B81D077E8}.Debug|x86.ActiveCfg = Debug|Any CPU
		{CFA6AA5E-7A05-4633-864C-C59B81D077E8}.Debug|x86.Build.0 = Debug|Any CPU
		{CFA6AA5E-7A05-4633-864C-C59B81D077E8}.Release|Any CPU.ActiveCfg = Release|Any CPU
		{CFA6AA5E-7A05-4633-864C-C59B81D077E8}.Release|Any CPU.Build.0 = Release|Any CPU
		{CFA6AA5E-7A05-4633-864C-C59B81D077E8}.Release|x64.ActiveCfg = Release|Any CPU
		{CFA6AA5E-7A05-4633-864C-C59B81D077E8}.Release|x64.Build.0 = Release|Any CPU
		{CFA6AA5E-7A05-4633-864C-C59B81D077E8}.Release|x86.ActiveCfg = Release|Any CPU
		{CFA6AA5E-7A05-4633-864C-C59B81D077E8}.Release|x86.Build.0 = Release|Any CPU
		{C321D798-C74B-4303-8B31-E7261F1CB54A}.Debug|Any CPU.ActiveCfg = Debug|Any CPU
		{C321D798-C74B-4303-8B31-E7261F1CB54A}.Debug|Any CPU.Build.0 = Debug|Any CPU
		{C321D798-C74B-4303-8B31-E7261F1CB54A}.Debug|x64.ActiveCfg = Debug|Any CPU
		{C321D798-C74B-4303-8B31-E7261F1CB54A}.Debug|x64.Build.0 = Debug|Any CPU
		{C321D798-C74B-4303-8B31-E7261F1CB54A}.Debug|x86.ActiveCfg = Debug|Any CPU
		{C321D798-C74B-4303-8B31-E7261F1CB54A}.Debug|x86.Build.0 = Debug|Any CPU
		{C321D798-C74B-4303-8B31-E7261F1CB54A}.Release|Any CPU.ActiveCfg = Release|Any CPU
		{C321D798-C74B-4303-8B31-E7261F1CB54A}.Release|Any CPU.Build.0 = Release|Any CPU
		{C321D798-C74B-4303-8B31-E7261F1CB54A}.Release|x64.ActiveCfg = Release|Any CPU
		{C321D798-C74B-4303-8B31-E7261F1CB54A}.Release|x64.Build.0 = Release|Any CPU
		{C321D798-C74B-4303-8B31-E7261F1CB54A}.Release|x86.ActiveCfg = Release|Any CPU
		{C321D798-C74B-4303-8B31-E7261F1CB54A}.Release|x86.Build.0 = Release|Any CPU
		{ED8C5B31-53A8-4B6F-9CC6-4400DD64BCF0}.Debug|Any CPU.ActiveCfg = Debug|Any CPU
		{ED8C5B31-53A8-4B6F-9CC6-4400DD64BCF0}.Debug|Any CPU.Build.0 = Debug|Any CPU
		{ED8C5B31-53A8-4B6F-9CC6-4400DD64BCF0}.Debug|x64.ActiveCfg = Debug|Any CPU
		{ED8C5B31-53A8-4B6F-9CC6-4400DD64BCF0}.Debug|x64.Build.0 = Debug|Any CPU
		{ED8C5B31-53A8-4B6F-9CC6-4400DD64BCF0}.Debug|x86.ActiveCfg = Debug|Any CPU
		{ED8C5B31-53A8-4B6F-9CC6-4400DD64BCF0}.Debug|x86.Build.0 = Debug|Any CPU
		{ED8C5B31-53A8-4B6F-9CC6-4400DD64BCF0}.Release|Any CPU.ActiveCfg = Release|Any CPU
		{ED8C5B31-53A8-4B6F-9CC6-4400DD64BCF0}.Release|Any CPU.Build.0 = Release|Any CPU
		{ED8C5B31-53A8-4B6F-9CC6-4400DD64BCF0}.Release|x64.ActiveCfg = Release|Any CPU
		{ED8C5B31-53A8-4B6F-9CC6-4400DD64BCF0}.Release|x64.Build.0 = Release|Any CPU
		{ED8C5B31-53A8-4B6F-9CC6-4400DD64BCF0}.Release|x86.ActiveCfg = Release|Any CPU
		{ED8C5B31-53A8-4B6F-9CC6-4400DD64BCF0}.Release|x86.Build.0 = Release|Any CPU
		{7D633A44-E5BC-4EB1-8488-1220C56310FC}.Debug|Any CPU.ActiveCfg = Debug|Any CPU
		{7D633A44-E5BC-4EB1-8488-1220C56310FC}.Debug|Any CPU.Build.0 = Debug|Any CPU
		{7D633A44-E5BC-4EB1-8488-1220C56310FC}.Debug|x64.ActiveCfg = Debug|Any CPU
		{7D633A44-E5BC-4EB1-8488-1220C56310FC}.Debug|x64.Build.0 = Debug|Any CPU
		{7D633A44-E5BC-4EB1-8488-1220C56310FC}.Debug|x86.ActiveCfg = Debug|Any CPU
		{7D633A44-E5BC-4EB1-8488-1220C56310FC}.Debug|x86.Build.0 = Debug|Any CPU
		{7D633A44-E5BC-4EB1-8488-1220C56310FC}.Release|Any CPU.ActiveCfg = Release|Any CPU
		{7D633A44-E5BC-4EB1-8488-1220C56310FC}.Release|Any CPU.Build.0 = Release|Any CPU
		{7D633A44-E5BC-4EB1-8488-1220C56310FC}.Release|x64.ActiveCfg = Release|Any CPU
		{7D633A44-E5BC-4EB1-8488-1220C56310FC}.Release|x64.Build.0 = Release|Any CPU
		{7D633A44-E5BC-4EB1-8488-1220C56310FC}.Release|x86.ActiveCfg = Release|Any CPU
		{7D633A44-E5BC-4EB1-8488-1220C56310FC}.Release|x86.Build.0 = Release|Any CPU
	EndGlobalSection
	GlobalSection(SolutionProperties) = preSolution
		HideSolutionNode = FALSE
	EndGlobalSection
	GlobalSection(NestedProjects) = preSolution
		{3E7220FA-34A8-48BD-B411-F356A2759C6A} = {827E0CD3-B72D-47B6-A68D-7590B98EB39B}
		{62BF7393-6937-4961-9D08-FA45D4371BAC} = {827E0CD3-B72D-47B6-A68D-7590B98EB39B}
		{F11F5D70-EC1A-4EE1-BE72-4EE7CE524AE9} = {827E0CD3-B72D-47B6-A68D-7590B98EB39B}
		{4F08055F-E1FE-4076-BDA5-1AC814F345A6} = {827E0CD3-B72D-47B6-A68D-7590B98EB39B}
		{8CDB7D8E-4083-47AB-9457-478B5BD0AC31} = {827E0CD3-B72D-47B6-A68D-7590B98EB39B}
		{CFA6AA5E-7A05-4633-864C-C59B81D077E8} = {0AB3BF05-4346-4AA6-1389-037BE0695223}
		{C321D798-C74B-4303-8B31-E7261F1CB54A} = {0AB3BF05-4346-4AA6-1389-037BE0695223}
		{ED8C5B31-53A8-4B6F-9CC6-4400DD64BCF0} = {0AB3BF05-4346-4AA6-1389-037BE0695223}
		{7D633A44-E5BC-4EB1-8488-1220C56310FC} = {0AB3BF05-4346-4AA6-1389-037BE0695223}
	EndGlobalSection
EndGlobal
